
Microsoft Visual Studio Solution File, Format Version 12.00
# Visual Studio Version 17
VisualStudioVersion = 17.0.31903.59
MinimumVisualStudioVersion = 10.0.40219.1
Project("{FAE04EC0-301F-11D3-BF4B-00C04F79EFBC}") = "backend", "backend\backend.csproj", "{C7D9F04B-418F-4593-9631-FDA0D2458425}"
EndProject
Project("{FAE04EC0-301F-11D3-BF4B-00C04F79EFBC}") = "QueensBloodTest", "QueensBloodTest\QueensBloodTest.csproj", "{2EB55171-79E8-422D-8EEC-296E1C0CDE9C}"
EndProject
Global
	GlobalSection(SolutionConfigurationPlatforms) = preSolution
		Debug|Any CPU = Debug|Any CPU
		Release|Any CPU = Release|Any CPU
	EndGlobalSection
	GlobalSection(ProjectConfigurationPlatforms) = postSolution
		{C7D9F04B-418F-4593-9631-FDA0D2458425}.Debug|Any CPU.ActiveCfg = Debug|Any CPU
		{C7D9F04B-418F-4593-9631-FDA0D2458425}.Debug|Any CPU.Build.0 = Debug|Any CPU
		{C7D9F04B-418F-4593-9631-FDA0D2458425}.Release|Any CPU.ActiveCfg = Release|Any CPU
		{C7D9F04B-418F-4593-9631-FDA0D2458425}.Release|Any CPU.Build.0 = Release|Any CPU
		{2EB55171-79E8-422D-8EEC-296E1C0CDE9C}.Debug|Any CPU.ActiveCfg = Debug|Any CPU
		{2EB55171-79E8-422D-8EEC-296E1C0CDE9C}.Debug|Any CPU.Build.0 = Debug|Any CPU
		{2EB55171-79E8-422D-8EEC-296E1C0CDE9C}.Release|Any CPU.ActiveCfg = Release|Any CPU
		{2EB55171-79E8-422D-8EEC-296E1C0CDE9C}.Release|Any CPU.Build.0 = Release|Any CPU
	EndGlobalSection
	GlobalSection(SolutionProperties) = preSolution
		HideSolutionNode = FALSE
	EndGlobalSection
EndGlobal
